
Microsoft Visual Studio Solution File, Format Version 12.00
# Visual Studio Version 16
VisualStudioVersion = 16.0.32228.343
MinimumVisualStudioVersion = 10.0.40219.1
Project("{FAE04EC0-301F-11D3-BF4B-00C04F79EFBC}") = "cs-gui-calculator-v2", "cs-gui-calculator-v2.csproj", "{4BFE1BC9-7B0E-4D63-ABA5-5F4D8359C5A8}"
EndProject
Global
	GlobalSection(SolutionConfigurationPlatforms) = preSolution
		Debug|Any CPU = Debug|Any CPU
		Release|Any CPU = Release|Any CPU
	EndGlobalSection
	GlobalSection(ProjectConfigurationPlatforms) = postSolution
		{4BFE1BC9-7B0E-4D63-ABA5-5F4D8359C5A8}.Debug|Any CPU.ActiveCfg = Debug|Any CPU
		{4BFE1BC9-7B0E-4D63-ABA5-5F4D8359C5A8}.Debug|Any CPU.Build.0 = Debug|Any CPU
		{4BFE1BC9-7B0E-4D63-ABA5-5F4D8359C5A8}.Release|Any CPU.ActiveCfg = Release|Any CPU
		{4BFE1BC9-7B0E-4D63-ABA5-5F4D8359C5A8}.Release|Any CPU.Build.0 = Release|Any CPU
	EndGlobalSection
	GlobalSection(SolutionProperties) = preSolution
		HideSolutionNode = FALSE
	EndGlobalSection
	GlobalSection(ExtensibilityGlobals) = postSolution
		SolutionGuid = {6D961F77-AB2C-43E4-AB29-006505EED5DE}
	EndGlobalSection
EndGlobal
